# This file is automatically @generated by Poetry 2.0.1 and should not be changed by hand.

[[package]]
name = "funcparserlib"
version = "1.0.1"
description = "Recursive descent parsing library based on functional combinators"
optional = false
python-versions = ">=2.7, !=3.0.*, !=3.1.*, !=3.2.*, !=3.3.*, !=3.4.*, !=3.5.*, !=3.6.*"
groups = ["main"]
files = [
    {file = "funcparserlib-1.0.1-py2.py3-none-any.whl", hash = "sha256:95da15d3f0d00b9b6f4bf04005c708af3faa115f7b45692ace064ebe758c68e8"},
    {file = "funcparserlib-1.0.1.tar.gz", hash = "sha256:a2c4a0d7942f7a0e7635c369d921066c8d4cae7f8b5bf7914466bec3c69837f4"},
]

[[package]]
name = "hy"
version = "1.1.0"
description = "A Lisp dialect embedded in Python"
optional = false
python-versions = "<3.15,>=3.9"
groups = ["main"]
files = [
    {file = "hy-1.1.0.tar.gz", hash = "sha256:c8943ce306341b4b3edab4142f2c7ca55b43415b0ebf6c0e7969290a6eed2948"},
]

[package.dependencies]
funcparserlib = ">=1.0,<2.0"

[[package]]
name = "toolz"
version = "1.1.0"
description = "List processing tools and functional utilities"
optional = false
python-versions = ">=3.9"
groups = ["main"]
files = [
    {file = "toolz-1.1.0-py3-none-any.whl", hash = "sha256:15ccc861ac51c53696de0a5d6d4607f99c210739caf987b5d2054f3efed429d8"},
    {file = "toolz-1.1.0.tar.gz", hash = "sha256:27a5c770d068c110d9ed9323f24f1543e83b2f300a687b7891c1a6d56b697b5b"},
]

[metadata]
lock-version = "2.1"
python-versions = ">=3.10,<3.12.19"
content-hash = "e7e917d88c46cff6b91b27c0782d694c2427823f63843b780e4289c233fa58b3"
